
Microsoft Visual Studio Solution File, Format Version 12.00
# Visual Studio Version 16
VisualStudioVersion = 16.0.31321.278
MinimumVisualStudioVersion = 10.0.40219.1
Project("{FAE04EC0-301F-11D3-BF4B-00C04F79EFBC}") = "GraphicalRisk", "GraphicalRisk.csproj", "{ED5247AD-E6F3-43AC-AC3B-F0C6D98B27AD}"
EndProject
Global
	GlobalSection(SolutionConfigurationPlatforms) = preSolution
		Debug|Any CPU = Debug|Any CPU
		Release|Any CPU = Release|Any CPU
	EndGlobalSection
	GlobalSection(ProjectConfigurationPlatforms) = postSolution
		{ED5247AD-E6F3-43AC-AC3B-F0C6D98B27AD}.Debug|Any CPU.ActiveCfg = Debug|Any CPU
		{ED5247AD-E6F3-43AC-AC3B-F0C6D98B27AD}.Debug|Any CPU.Build.0 = Debug|Any CPU
		{ED5247AD-E6F3-43AC-AC3B-F0C6D98B27AD}.Release|Any CPU.ActiveCfg = Release|Any CPU
		{ED5247AD-E6F3-43AC-AC3B-F0C6D98B27AD}.Release|Any CPU.Build.0 = Release|Any CPU
	EndGlobalSection
	GlobalSection(SolutionProperties) = preSolution
		HideSolutionNode = FALSE
	EndGlobalSection
	GlobalSection(ExtensibilityGlobals) = postSolution
		SolutionGuid = {017B5696-6B9E-48C6-AFDB-892F67841042}
	EndGlobalSection
EndGlobal
